
Microsoft Visual Studio Solution File, Format Version 12.00
# Visual Studio Version 16
VisualStudioVersion = 16.0.29102.190
MinimumVisualStudioVersion = 10.0.40219.1
Project("{9A19103F-16F7-4668-BE54-9A1E7A4F7556}") = "Zork.Console", "Zork.Console\Zork.Console.csproj", "{83DAC60B-8A8B-498C-A6FB-E97CE144042B}"
EndProject
Project("{9A19103F-16F7-4668-BE54-9A1E7A4F7556}") = "Zork.Common", "Zork.Common\Zork.Common.csproj", "{78B50265-EF23-484B-878C-D4FFE1C60BE1}"
EndProject
Global
	GlobalSection(SolutionConfigurationPlatforms) = preSolution
		Debug|Any CPU = Debug|Any CPU
		Release|Any CPU = Release|Any CPU
	EndGlobalSection
	GlobalSection(ProjectConfigurationPlatforms) = postSolution
		{83DAC60B-8A8B-498C-A6FB-E97CE144042B}.Debug|Any CPU.ActiveCfg = Debug|Any CPU
		{83DAC60B-8A8B-498C-A6FB-E97CE144042B}.Debug|Any CPU.Build.0 = Debug|Any CPU
		{83DAC60B-8A8B-498C-A6FB-E97CE144042B}.Release|Any CPU.ActiveCfg = Release|Any CPU
		{83DAC60B-8A8B-498C-A6FB-E97CE144042B}.Release|Any CPU.Build.0 = Release|Any CPU
		{78B50265-EF23-484B-878C-D4FFE1C60BE1}.Debug|Any CPU.ActiveCfg = Debug|Any CPU
		{78B50265-EF23-484B-878C-D4FFE1C60BE1}.Debug|Any CPU.Build.0 = Debug|Any CPU
		{78B50265-EF23-484B-878C-D4FFE1C60BE1}.Release|Any CPU.ActiveCfg = Release|Any CPU
		{78B50265-EF23-484B-878C-D4FFE1C60BE1}.Release|Any CPU.Build.0 = Release|Any CPU
	EndGlobalSection
	GlobalSection(SolutionProperties) = preSolution
		HideSolutionNode = FALSE
	EndGlobalSection
	GlobalSection(ExtensibilityGlobals) = postSolution
		SolutionGuid = {C1FE16CE-9C83-4ADB-A5F4-1AF1F8F95B7B}
	EndGlobalSection
EndGlobal
